
Microsoft Visual Studio Solution File, Format Version 12.00
# Visual Studio 14
VisualStudioVersion = 14.0.24720.0
MinimumVisualStudioVersion = 10.0.40219.1
Project("{2150E333-8FDC-42A3-9474-1A3956D46DE8}") = "src", "src", "{06245FDE-5815-41F1-A737-549EFF9B0806}"
EndProject
Project("{2150E333-8FDC-42A3-9474-1A3956D46DE8}") = "Solution Items", "Solution Items", "{EEBA9BF5-C8DD-44D6-9E78-9B96A11B8C17}"
	ProjectSection(SolutionItems) = preProject
		global.json = global.json
	EndProjectSection
EndProject
Project("{8BB2217D-0F2D-49D1-97BC-3654ED321F3B}") = "WebApplication1", "src\WebApplication1\WebApplication1.xproj", "{92610EE5-F4D2-426C-AE58-893D5D98D92E}"
EndProject
Global
	GlobalSection(SolutionConfigurationPlatforms) = preSolution
		Debug|Any CPU = Debug|Any CPU
		Release|Any CPU = Release|Any CPU
	EndGlobalSection
	GlobalSection(ProjectConfigurationPlatforms) = postSolution
		{92610EE5-F4D2-426C-AE58-893D5D98D92E}.Debug|Any CPU.ActiveCfg = Debug|Any CPU
		{92610EE5-F4D2-426C-AE58-893D5D98D92E}.Debug|Any CPU.Build.0 = Debug|Any CPU
		{92610EE5-F4D2-426C-AE58-893D5D98D92E}.Release|Any CPU.ActiveCfg = Release|Any CPU
		{92610EE5-F4D2-426C-AE58-893D5D98D92E}.Release|Any CPU.Build.0 = Release|Any CPU
	EndGlobalSection
	GlobalSection(SolutionProperties) = preSolution
		HideSolutionNode = FALSE
	EndGlobalSection
	GlobalSection(NestedProjects) = preSolution
		{92610EE5-F4D2-426C-AE58-893D5D98D92E} = {06245FDE-5815-41F1-A737-549EFF9B0806}
	EndGlobalSection
EndGlobal
